// !$*UTF8*$!
{
	archiveVersion = 1;
	classes = {
	};
	objectVersion = 55;
	objects = {

/* Begin PBXBuildFile section */
		D682B406290FC2F100A30FC0 /* SwiftUISliderApp.swift in Sources */ = {isa = PBXBuildFile; fileRef = D682B405290FC2F100A30FC0 /* SwiftUISliderApp.swift */; };
		D682B408290FC2F100A30FC0 /* ContentView.swift in Sources */ = {isa = PBXBuildFile; fileRef = D682B407290FC2F100A30FC0 /* ContentView.swift */; };
		D682B40A290FC2F400A30FC0 /* Assets.xcassets in Resources */ = {isa = PBXBuildFile; fileRef = D682B409290FC2F400A30FC0 /* Assets.xcassets */; };
		D682B40D290FC2F400A30FC0 /* Preview Assets.xcassets in Resources */ = {isa = PBXBuildFile; fileRef = D682B40C290FC2F400A30FC0 /* Preview Assets.xcassets */; };
		D682B417290FC2F500A30FC0 /* SwiftUISliderTests.swift in Sources */ = {isa = PBXBuildFile; fileRef = D682B416290FC2F500A30FC0 /* SwiftUISliderTests.swift */; };
		D682B421290FC2F500A30FC0 /* SwiftUISliderUITests.swift in Sources */ = {isa = PBXBuildFile; fileRef = D682B420290FC2F500A30FC0 /* SwiftUISliderUITests.swift */; };
		D682B423290FC2F500A30FC0 /* SwiftUISliderUITestsLaunchTests.swift in Sources */ = {isa = PBXBuildFile; fileRef = D682B422290FC2F500A30FC0 /* SwiftUISliderUITestsLaunchTests.swift */; };
		D682B431290FE78F00A30FC0 /* DeviceKit in Frameworks */ = {isa = PBXBuildFile; productRef = D682B430290FE78F00A30FC0 /* DeviceKit */; };
/* End PBXBuildFile section */

/* Begin PBXContainerItemProxy section */
		D682B413290FC2F500A30FC0 /* PBXContainerItemProxy */ = {
			isa = PBXContainerItemProxy;
			containerPortal = D682B3FA290FC2F000A30FC0 /* Project object */;
			proxyType = 1;
			remoteGlobalIDString = D682B401290FC2F100A30FC0;
			remoteInfo = SwiftUISlider;
		};
		D682B41D290FC2F500A30FC0 /* PBXContainerItemProxy */ = {
			isa = PBXContainerItemProxy;
			containerPortal = D682B3FA290FC2F000A30FC0 /* Project object */;
			proxyType = 1;
			remoteGlobalIDString = D682B401290FC2F100A30FC0;
			remoteInfo = SwiftUISlider;
		};
/* End PBXContainerItemProxy section */

/* Begin PBXFileReference section */
		D682B402290FC2F100A30FC0 /* SwiftUISlider.app */ = {isa = PBXFileReference; explicitFileType = wrapper.application; includeInIndex = 0; path = SwiftUISlider.app; sourceTree = BUILT_PRODUCTS_DIR; };
		D682B405290FC2F100A30FC0 /* SwiftUISliderApp.swift */ = {isa = PBXFileReference; lastKnownFileType = sourcecode.swift; path = SwiftUISliderApp.swift; sourceTree = "<group>"; };
		D682B407290FC2F100A30FC0 /* ContentView.swift */ = {isa = PBXFileReference; lastKnownFileType = sourcecode.swift; path = ContentView.swift; sourceTree = "<group>"; };
		D682B409290FC2F400A30FC0 /* Assets.xcassets */ = {isa = PBXFileReference; lastKnownFileType = folder.assetcatalog; path = Assets.xcassets; sourceTree = "<group>"; };
		D682B40C290FC2F400A30FC0 /* Preview Assets.xcassets */ = {isa = PBXFileReference; lastKnownFileType = folder.assetcatalog; path = "Preview Assets.xcassets"; sourceTree = "<group>"; };
		D682B412290FC2F500A30FC0 /* SwiftUISliderTests.xctest */ = {isa = PBXFileReference; explicitFileType = wrapper.cfbundle; includeInIndex = 0; path = SwiftUISliderTests.xctest; sourceTree = BUILT_PRODUCTS_DIR; };
		D682B416290FC2F500A30FC0 /* SwiftUISliderTests.swift */ = {isa = PBXFileReference; lastKnownFileType = sourcecode.swift; path = SwiftUISliderTests.swift; sourceTree = "<group>"; };
		D682B41C290FC2F500A30FC0 /* SwiftUISliderUITests.xctest */ = {isa = PBXFileReference; explicitFileType = wrapper.cfbundle; includeInIndex = 0; path = SwiftUISliderUITests.xctest; sourceTree = BUILT_PRODUCTS_DIR; };
		D682B420290FC2F500A30FC0 /* SwiftUISliderUITests.swift */ = {isa = PBXFileReference; lastKnownFileType = sourcecode.swift; path = SwiftUISliderUITests.swift; sourceTree = "<group>"; };
		D682B422290FC2F500A30FC0 /* SwiftUISliderUITestsLaunchTests.swift */ = {isa = PBXFileReference; lastKnownFileType = sourcecode.swift; path = SwiftUISliderUITestsLaunchTests.swift; sourceTree = "<group>"; };
/* End PBXFileReference section */

/* Begin PBXFrameworksBuildPhase section */
		D682B3FF290FC2F100A30FC0 /* Frameworks */ = {
			isa = PBXFrameworksBuildPhase;
			buildActionMask = 2147483647;
			files = (
				D682B431290FE78F00A30FC0 /* DeviceKit in Frameworks */,
			);
			runOnlyForDeploymentPostprocessing = 0;
		};
		D682B40F290FC2F500A30FC0 /* Frameworks */ = {
			isa = PBXFrameworksBuildPhase;
			buildActionMask = 2147483647;
			files = (
			);
			runOnlyForDeploymentPostprocessing = 0;
		};
		D682B419290FC2F500A30FC0 /* Frameworks */ = {
			isa = PBXFrameworksBuildPhase;
			buildActionMask = 2147483647;
			files = (
			);
			runOnlyForDeploymentPostprocessing = 0;
		};
/* End PBXFrameworksBuildPhase section */

/* Begin PBXGroup section */
		D682B3F9290FC2F000A30FC0 = {
			isa = PBXGroup;
			children = (
				D682B404290FC2F100A30FC0 /* SwiftUISlider */,
				D682B415290FC2F500A30FC0 /* SwiftUISliderTests */,
				D682B41F290FC2F500A30FC0 /* SwiftUISliderUITests */,
				D682B403290FC2F100A30FC0 /* Products */,
			);
			sourceTree = "<group>";
		};
		D682B403290FC2F100A30FC0 /* Products */ = {
			isa = PBXGroup;
			children = (
				D682B402290FC2F100A30FC0 /* SwiftUISlider.app */,
				D682B412290FC2F500A30FC0 /* SwiftUISliderTests.xctest */,
				D682B41C290FC2F500A30FC0 /* SwiftUISliderUITests.xctest */,
			);
			name = Products;
			sourceTree = "<group>";
		};
		D682B404290FC2F100A30FC0 /* SwiftUISlider */ = {
			isa = PBXGroup;
			children = (
				D682B405290FC2F100A30FC0 /* SwiftUISliderApp.swift */,
				D682B407290FC2F100A30FC0 /* ContentView.swift */,
				D682B409290FC2F400A30FC0 /* Assets.xcassets */,
				D682B40B290FC2F400A30FC0 /* Preview Content */,
			);
			path = SwiftUISlider;
			sourceTree = "<group>";
		};
		D682B40B290FC2F400A30FC0 /* Preview Content */ = {
			isa = PBXGroup;
			children = (
				D682B40C290FC2F400A30FC0 /* Preview Assets.xcassets */,
			);
			path = "Preview Content";
			sourceTree = "<group>";
		};
		D682B415290FC2F500A30FC0 /* SwiftUISliderTests */ = {
			isa = PBXGroup;
			children = (
				D682B416290FC2F500A30FC0 /* SwiftUISliderTests.swift */,
			);
			path = SwiftUISliderTests;
			sourceTree = "<group>";
		};
		D682B41F290FC2F500A30FC0 /* SwiftUISliderUITests */ = {
			isa = PBXGroup;
			children = (
				D682B420290FC2F500A30FC0 /* SwiftUISliderUITests.swift */,
				D682B422290FC2F500A30FC0 /* SwiftUISliderUITestsLaunchTests.swift */,
			);
			path = SwiftUISliderUITests;
			sourceTree = "<group>";
		};
/* End PBXGroup section */

/* Begin PBXNativeTarget section */
		D682B401290FC2F100A30FC0 /* SwiftUISlider */ = {
			isa = PBXNativeTarget;
			buildConfigurationList = D682B426290FC2F500A30FC0 /* Build configuration list for PBXNativeTarget "SwiftUISlider" */;
			buildPhases = (
				D682B3FE290FC2F100A30FC0 /* Sources */,
				D682B3FF290FC2F100A30FC0 /* Frameworks */,
				D682B400290FC2F100A30FC0 /* Resources */,
			);
			buildRules = (
			);
			dependencies = (
			);
			name = SwiftUISlider;
			packageProductDependencies = (
				D682B430290FE78F00A30FC0 /* DeviceKit */,
			);
			productName = SwiftUISlider;
			productReference = D682B402290FC2F100A30FC0 /* SwiftUISlider.app */;
			productType = "com.apple.product-type.application";
		};
		D682B411290FC2F500A30FC0 /* SwiftUISliderTests */ = {
			isa = PBXNativeTarget;
			buildConfigurationList = D682B429290FC2F500A30FC0 /* Build configuration list for PBXNativeTarget "SwiftUISliderTests" */;
			buildPhases = (
				D682B40E290FC2F500A30FC0 /* Sources */,
				D682B40F290FC2F500A30FC0 /* Frameworks */,
				D682B410290FC2F500A30FC0 /* Resources */,
			);
			buildRules = (
			);
			dependencies = (
				D682B414290FC2F500A30FC0 /* PBXTargetDependency */,
			);
			name = SwiftUISliderTests;
			productName = SwiftUISliderTests;
			productReference = D682B412290FC2F500A30FC0 /* SwiftUISliderTests.xctest */;
			productType = "com.apple.product-type.bundle.unit-test";
		};
		D682B41B290FC2F500A30FC0 /* SwiftUISliderUITests */ = {
			isa = PBXNativeTarget;
			buildConfigurationList = D682B42C290FC2F500A30FC0 /* Build configuration list for PBXNativeTarget "SwiftUISliderUITests" */;
			buildPhases = (
				D682B418290FC2F500A30FC0 /* Sources */,
				D682B419290FC2F500A30FC0 /* Frameworks */,
				D682B41A290FC2F500A30FC0 /* Resources */,
			);
			buildRules = (
			);
			dependencies = (
				D682B41E290FC2F500A30FC0 /* PBXTargetDependency */,
			);
			name = SwiftUISliderUITests;
			productName = SwiftUISliderUITests;
			productReference = D682B41C290FC2F500A30FC0 /* SwiftUISliderUITests.xctest */;
			productType = "com.apple.product-type.bundle.ui-testing";
		};
/* End PBXNativeTarget section */

/* Begin PBXProject section */
		D682B3FA290FC2F000A30FC0 /* Project object */ = {
			isa = PBXProject;
			attributes = {
				BuildIndependentTargetsInParallel = 1;
				LastSwiftUpdateCheck = 1320;
				LastUpgradeCheck = 1320;
				TargetAttributes = {
					D682B401290FC2F100A30FC0 = {
						CreatedOnToolsVersion = 13.2.1;
					};
					D682B411290FC2F500A30FC0 = {
						CreatedOnToolsVersion = 13.2.1;
						TestTargetID = D682B401290FC2F100A30FC0;
					};
					D682B41B290FC2F500A30FC0 = {
						CreatedOnToolsVersion = 13.2.1;
						TestTargetID = D682B401290FC2F100A30FC0;
					};
				};
			};
			buildConfigurationList = D682B3FD290FC2F000A30FC0 /* Build configuration list for PBXProject "SwiftUISlider" */;
			compatibilityVersion = "Xcode 13.0";
			developmentRegion = en;
			hasScannedForEncodings = 0;
			knownRegions = (
				en,
				Base,
			);
			mainGroup = D682B3F9290FC2F000A30FC0;
			packageReferences = (
				D682B42F290FE78F00A30FC0 /* XCRemoteSwiftPackageReference "DeviceKit" */,
			);
			productRefGroup = D682B403290FC2F100A30FC0 /* Products */;
			projectDirPath = "";
			projectRoot = "";
			targets = (
				D682B401290FC2F100A30FC0 /* SwiftUISlider */,
				D682B411290FC2F500A30FC0 /* SwiftUISliderTests */,
				D682B41B290FC2F500A30FC0 /* SwiftUISliderUITests */,
			);
		};
/* End PBXProject section */

/* Begin PBXResourcesBuildPhase section */
		D682B400290FC2F100A30FC0 /* Resources */ = {
			isa = PBXResourcesBuildPhase;
			buildActionMask = 2147483647;
			files = (
				D682B40D290FC2F400A30FC0 /* Preview Assets.xcassets in Resources */,
				D682B40A290FC2F400A30FC0 /* Assets.xcassets in Resources */,
			);
			runOnlyForDeploymentPostprocessing = 0;
		};
		D682B410290FC2F500A30FC0 /* Resources */ = {
			isa = PBXResourcesBuildPhase;
			buildActionMask = 2147483647;
			files = (
			);
			runOnlyForDeploymentPostprocessing = 0;
		};
		D682B41A290FC2F500A30FC0 /* Resources */ = {
			isa = PBXResourcesBuildPhase;
			buildActionMask = 2147483647;
			files = (
			);
			runOnlyForDeploymentPostprocessing = 0;
		};
/* End PBXResourcesBuildPhase section */

/* Begin PBXSourcesBuildPhase section */
		D682B3FE290FC2F100A30FC0 /* Sources */ = {
			isa = PBXSourcesBuildPhase;
			buildActionMask = 2147483647;
			files = (
				D682B408290FC2F100A30FC0 /* ContentView.swift in Sources */,
				D682B406290FC2F100A30FC0 /* SwiftUISliderApp.swift in Sources */,
			);
			runOnlyForDeploymentPostprocessing = 0;
		};
		D682B40E290FC2F500A30FC0 /* Sources */ = {
			isa = PBXSourcesBuildPhase;
			buildActionMask = 2147483647;
			files = (
				D682B417290FC2F500A30FC0 /* SwiftUISliderTests.swift in Sources */,
			);
			runOnlyForDeploymentPostprocessing = 0;
		};
		D682B418290FC2F500A30FC0 /* Sources */ = {
			isa = PBXSourcesBuildPhase;
			buildActionMask = 2147483647;
			files = (
				D682B421290FC2F500A30FC0 /* SwiftUISliderUITests.swift in Sources */,
				D682B423290FC2F500A30FC0 /* SwiftUISliderUITestsLaunchTests.swift in Sources */,
			);
			runOnlyForDeploymentPostprocessing = 0;
		};
/* End PBXSourcesBuildPhase section */

/* Begin PBXTargetDependency section */
		D682B414290FC2F500A30FC0 /* PBXTargetDependency */ = {
			isa = PBXTargetDependency;
			target = D682B401290FC2F100A30FC0 /* SwiftUISlider */;
			targetProxy = D682B413290FC2F500A30FC0 /* PBXContainerItemProxy */;
		};
		D682B41E290FC2F500A30FC0 /* PBXTargetDependency */ = {
			isa = PBXTargetDependency;
			target = D682B401290FC2F100A30FC0 /* SwiftUISlider */;
			targetProxy = D682B41D290FC2F500A30FC0 /* PBXContainerItemProxy */;
		};
/* End PBXTargetDependency section */

/* Begin XCBuildConfiguration section */
		D682B424290FC2F500A30FC0 /* Debug */ = {
			isa = XCBuildConfiguration;
			buildSettings = {
				ALWAYS_SEARCH_USER_PATHS = NO;
				CLANG_ANALYZER_NONNULL = YES;
				CLANG_ANALYZER_NUMBER_OBJECT_CONVERSION = YES_AGGRESSIVE;
				CLANG_CXX_LANGUAGE_STANDARD = "gnu++17";
				CLANG_CXX_LIBRARY = "libc++";
				CLANG_ENABLE_MODULES = YES;
				CLANG_ENABLE_OBJC_ARC = YES;
				CLANG_ENABLE_OBJC_WEAK = YES;
				CLANG_WARN_BLOCK_CAPTURE_AUTORELEASING = YES;
				CLANG_WARN_BOOL_CONVERSION = YES;
				CLANG_WARN_COMMA = YES;
				CLANG_WARN_CONSTANT_CONVERSION = YES;
				CLANG_WARN_DEPRECATED_OBJC_IMPLEMENTATIONS = YES;
				CLANG_WARN_DIRECT_OBJC_ISA_USAGE = YES_ERROR;
				CLANG_WARN_DOCUMENTATION_COMMENTS = YES;
				CLANG_WARN_EMPTY_BODY = YES;
				CLANG_WARN_ENUM_CONVERSION = YES;
				CLANG_WARN_INFINITE_RECURSION = YES;
				CLANG_WARN_INT_CONVERSION = YES;
				CLANG_WARN_NON_LITERAL_NULL_CONVERSION = YES;
				CLANG_WARN_OBJC_IMPLICIT_RETAIN_SELF = YES;
				CLANG_WARN_OBJC_LITERAL_CONVERSION = YES;
				CLANG_WARN_OBJC_ROOT_CLASS = YES_ERROR;
				CLANG_WARN_QUOTED_INCLUDE_IN_FRAMEWORK_HEADER = YES;
				CLANG_WARN_RANGE_LOOP_ANALYSIS = YES;
				CLANG_WARN_STRICT_PROTOTYPES = YES;
				CLANG_WARN_SUSPICIOUS_MOVE = YES;
				CLANG_WARN_UNGUARDED_AVAILABILITY = YES_AGGRESSIVE;
				CLANG_WARN_UNREACHABLE_CODE = YES;
				CLANG_WARN__DUPLICATE_METHOD_MATCH = YES;
				COPY_PHASE_STRIP = NO;
				DEBUG_INFORMATION_FORMAT = dwarf;
				ENABLE_STRICT_OBJC_MSGSEND = YES;
				ENABLE_TESTABILITY = YES;
				GCC_C_LANGUAGE_STANDARD = gnu11;
				GCC_DYNAMIC_NO_PIC = NO;
				GCC_NO_COMMON_BLOCKS = YES;
				GCC_OPTIMIZATION_LEVEL = 0;
				GCC_PREPROCESSOR_DEFINITIONS = (
					"DEBUG=1",
					"$(inherited)",
				);
				GCC_WARN_64_TO_32_BIT_CONVERSION = YES;
				GCC_WARN_ABOUT_RETURN_TYPE = YES_ERROR;
				GCC_WARN_UNDECLARED_SELECTOR = YES;
				GCC_WARN_UNINITIALIZED_AUTOS = YES_AGGRESSIVE;
				GCC_WARN_UNUSED_FUNCTION = YES;
				GCC_WARN_UNUSED_VARIABLE = YES;
				IPHONEOS_DEPLOYMENT_TARGET = 15.2;
				MTL_ENABLE_DEBUG_INFO = INCLUDE_SOURCE;
				MTL_FAST_MATH = YES;
				ONLY_ACTIVE_ARCH = YES;
				SDKROOT = iphoneos;
				SWIFT_ACTIVE_COMPILATION_CONDITIONS = DEBUG;
				SWIFT_OPTIMIZATION_LEVEL = "-Onone";
			};
			name = Debug;
		};
		D682B425290FC2F500A30FC0 /* Release */ = {
			isa = XCBuildConfiguration;
			buildSettings = {
				ALWAYS_SEARCH_USER_PATHS = NO;
				CLANG_ANALYZER_NONNULL = YES;
				CLANG_ANALYZER_NUMBER_OBJECT_CONVERSION = YES_AGGRESSIVE;
				CLANG_CXX_LANGUAGE_STANDARD = "gnu++17";
				CLANG_CXX_LIBRARY = "libc++";
				CLANG_ENABLE_MODULES = YES;
				CLANG_ENABLE_OBJC_ARC = YES;
				CLANG_ENABLE_OBJC_WEAK = YES;
				CLANG_WARN_BLOCK_CAPTURE_AUTORELEASING = YES;
				CLANG_WARN_BOOL_CONVERSION = YES;
				CLANG_WARN_COMMA = YES;
				CLANG_WARN_CONSTANT_CONVERSION = YES;
				CLANG_WARN_DEPRECATED_OBJC_IMPLEMENTATIONS = YES;
				CLANG_WARN_DIRECT_OBJC_ISA_USAGE = YES_ERROR;
				CLANG_WARN_DOCUMENTATION_COMMENTS = YES;
				CLANG_WARN_EMPTY_BODY = YES;
				CLANG_WARN_ENUM_CONVERSION = YES;
				CLANG_WARN_INFINITE_RECURSION = YES;
				CLANG_WARN_INT_CONVERSION = YES;
				CLANG_WARN_NON_LITERAL_NULL_CONVERSION = YES;
				CLANG_WARN_OBJC_IMPLICIT_RETAIN_SELF = YES;
				CLANG_WARN_OBJC_LITERAL_CONVERSION = YES;
				CLANG_WARN_OBJC_ROOT_CLASS = YES_ERROR;
				CLANG_WARN_QUOTED_INCLUDE_IN_FRAMEWORK_HEADER = YES;
				CLANG_WARN_RANGE_LOOP_ANALYSIS = YES;
				CLANG_WARN_STRICT_PROTOTYPES = YES;
				CLANG_WARN_SUSPICIOUS_MOVE = YES;
				CLANG_WARN_UNGUARDED_AVAILABILITY = YES_AGGRESSIVE;
				CLANG_WARN_UNREACHABLE_CODE = YES;
				CLANG_WARN__DUPLICATE_METHOD_MATCH = YES;
				COPY_PHASE_STRIP = NO;
				DEBUG_INFORMATION_FORMAT = "dwarf-with-dsym";
				ENABLE_NS_ASSERTIONS = NO;
				ENABLE_STRICT_OBJC_MSGSEND = YES;
				GCC_C_LANGUAGE_STANDARD = gnu11;
				GCC_NO_COMMON_BLOCKS = YES;
				GCC_WARN_64_TO_32_BIT_CONVERSION = YES;
				GCC_WARN_ABOUT_RETURN_TYPE = YES_ERROR;
				GCC_WARN_UNDECLARED_SELECTOR = YES;
				GCC_WARN_UNINITIALIZED_AUTOS = YES_AGGRESSIVE;
				GCC_WARN_UNUSED_FUNCTION = YES;
				GCC_WARN_UNUSED_VARIABLE = YES;
				IPHONEOS_DEPLOYMENT_TARGET = 15.2;
				MTL_ENABLE_DEBUG_INFO = NO;
				MTL_FAST_MATH = YES;
				SDKROOT = iphoneos;
				SWIFT_COMPILATION_MODE = wholemodule;
				SWIFT_OPTIMIZATION_LEVEL = "-O";
				VALIDATE_PRODUCT = YES;
			};
			name = Release;
		};
		D682B427290FC2F500A30FC0 /* Debug */ = {
			isa = XCBuildConfiguration;
			buildSettings = {
				ASSETCATALOG_COMPILER_APPICON_NAME = AppIcon;
				ASSETCATALOG_COMPILER_GLOBAL_ACCENT_COLOR_NAME = AccentColor;
				CODE_SIGN_STYLE = Automatic;
				CURRENT_PROJECT_VERSION = 1;
				DEVELOPMENT_ASSET_PATHS = "\"SwiftUISlider/Preview Content\"";
				DEVELOPMENT_TEAM = K6LJCT8RAA;
				ENABLE_PREVIEWS = YES;
				GENERATE_INFOPLIST_FILE = YES;
				INFOPLIST_KEY_UIApplicationSceneManifest_Generation = YES;
				INFOPLIST_KEY_UIApplicationSupportsIndirectInputEvents = YES;
				INFOPLIST_KEY_UILaunchScreen_Generation = YES;
				INFOPLIST_KEY_UISupportedInterfaceOrientations_iPad = "UIInterfaceOrientationPortrait UIInterfaceOrientationPortraitUpsideDown UIInterfaceOrientationLandscapeLeft UIInterfaceOrientationLandscapeRight";
				INFOPLIST_KEY_UISupportedInterfaceOrientations_iPhone = "UIInterfaceOrientationPortrait UIInterfaceOrientationLandscapeLeft UIInterfaceOrientationLandscapeRight";
				LD_RUNPATH_SEARCH_PATHS = (
					"$(inherited)",
					"@executable_path/Frameworks",
				);
				MARKETING_VERSION = 1.0;
				PRODUCT_BUNDLE_IDENTIFIER = com.swiftuislider.SwiftUISlider;
				PRODUCT_NAME = "$(TARGET_NAME)";
				SWIFT_EMIT_LOC_STRINGS = YES;
				SWIFT_VERSION = 5.0;
				TARGETED_DEVICE_FAMILY = "1,2";
			};
			name = Debug;
		};
		D682B428290FC2F500A30FC0 /* Release */ = {
			isa = XCBuildConfiguration;
			buildSettings = {
				ASSETCATALOG_COMPILER_APPICON_NAME = AppIcon;
				ASSETCATALOG_COMPILER_GLOBAL_ACCENT_COLOR_NAME = AccentColor;
				CODE_SIGN_STYLE = Automatic;
				CURRENT_PROJECT_VERSION = 1;
				DEVELOPMENT_ASSET_PATHS = "\"SwiftUISlider/Preview Content\"";
				DEVELOPMENT_TEAM = K6LJCT8RAA;
				ENABLE_PREVIEWS = YES;
				GENERATE_INFOPLIST_FILE = YES;
				INFOPLIST_KEY_UIApplicationSceneManifest_Generation = YES;
				INFOPLIST_KEY_UIApplicationSupportsIndirectInputEvents = YES;
				INFOPLIST_KEY_UILaunchScreen_Generation = YES;
				INFOPLIST_KEY_UISupportedInterfaceOrientations_iPad = "UIInterfaceOrientationPortrait UIInterfaceOrientationPortraitUpsideDown UIInterfaceOrientationLandscapeLeft UIInterfaceOrientationLandscapeRight";
				INFOPLIST_KEY_UISupportedInterfaceOrientations_iPhone = "UIInterfaceOrientationPortrait UIInterfaceOrientationLandscapeLeft UIInterfaceOrientationLandscapeRight";
				LD_RUNPATH_SEARCH_PATHS = (
					"$(inherited)",
					"@executable_path/Frameworks",
				);
				MARKETING_VERSION = 1.0;
				PRODUCT_BUNDLE_IDENTIFIER = com.swiftuislider.SwiftUISlider;
				PRODUCT_NAME = "$(TARGET_NAME)";
				SWIFT_EMIT_LOC_STRINGS = YES;
				SWIFT_VERSION = 5.0;
				TARGETED_DEVICE_FAMILY = "1,2";
			};
			name = Release;
		};
		D682B42A290FC2F500A30FC0 /* Debug */ = {
			isa = XCBuildConfiguration;
			buildSettings = {
				ALWAYS_EMBED_SWIFT_STANDARD_LIBRARIES = YES;
				BUNDLE_LOADER = "$(TEST_HOST)";
				CODE_SIGN_STYLE = Automatic;
				CURRENT_PROJECT_VERSION = 1;
				DEVELOPMENT_TEAM = K6LJCT8RAA;
				GENERATE_INFOPLIST_FILE = YES;
				IPHONEOS_DEPLOYMENT_TARGET = 15.2;
				MARKETING_VERSION = 1.0;
				PRODUCT_BUNDLE_IDENTIFIER = com.swiftuislider.SwiftUISliderTests;
				PRODUCT_NAME = "$(TARGET_NAME)";
				SWIFT_EMIT_LOC_STRINGS = NO;
				SWIFT_VERSION = 5.0;
				TARGETED_DEVICE_FAMILY = "1,2";
				TEST_HOST = "$(BUILT_PRODUCTS_DIR)/SwiftUISlider.app/SwiftUISlider";
			};
			name = Debug;
		};
		D682B42B290FC2F500A30FC0 /* Release */ = {
			isa = XCBuildConfiguration;
			buildSettings = {
				ALWAYS_EMBED_SWIFT_STANDARD_LIBRARIES = YES;
				BUNDLE_LOADER = "$(TEST_HOST)";
				CODE_SIGN_STYLE = Automatic;
				CURRENT_PROJECT_VERSION = 1;
				DEVELOPMENT_TEAM = K6LJCT8RAA;
				GENERATE_INFOPLIST_FILE = YES;
				IPHONEOS_DEPLOYMENT_TARGET = 15.2;
				MARKETING_VERSION = 1.0;
				PRODUCT_BUNDLE_IDENTIFIER = com.swiftuislider.SwiftUISliderTests;
				PRODUCT_NAME = "$(TARGET_NAME)";
				SWIFT_EMIT_LOC_STRINGS = NO;
				SWIFT_VERSION = 5.0;
				TARGETED_DEVICE_FAMILY = "1,2";
				TEST_HOST = "$(BUILT_PRODUCTS_DIR)/SwiftUISlider.app/SwiftUISlider";
			};
			name = Release;
		};
		D682B42D290FC2F500A30FC0 /* Debug */ = {
			isa = XCBuildConfiguration;
			buildSettings = {
				ALWAYS_EMBED_SWIFT_STANDARD_LIBRARIES = YES;
				CODE_SIGN_STYLE = Automatic;
				CURRENT_PROJECT_VERSION = 1;
				DEVELOPMENT_TEAM = K6LJCT8RAA;
				GENERATE_INFOPLIST_FILE = YES;
				MARKETING_VERSION = 1.0;
				PRODUCT_BUNDLE_IDENTIFIER = com.swiftuislider.SwiftUISliderUITests;
				PRODUCT_NAME = "$(TARGET_NAME)";
				SWIFT_EMIT_LOC_STRINGS = NO;
				SWIFT_VERSION = 5.0;
				TARGETED_DEVICE_FAMILY = "1,2";
				TEST_TARGET_NAME = SwiftUISlider;
			};
			name = Debug;
		};
		D682B42E290FC2F500A30FC0 /* Release */ = {
			isa = XCBuildConfiguration;
			buildSettings = {
				ALWAYS_EMBED_SWIFT_STANDARD_LIBRARIES = YES;
				CODE_SIGN_STYLE = Automatic;
				CURRENT_PROJECT_VERSION = 1;
				DEVELOPMENT_TEAM = K6LJCT8RAA;
				GENERATE_INFOPLIST_FILE = YES;
				MARKETING_VERSION = 1.0;
				PRODUCT_BUNDLE_IDENTIFIER = com.swiftuislider.SwiftUISliderUITests;
				PRODUCT_NAME = "$(TARGET_NAME)";
				SWIFT_EMIT_LOC_STRINGS = NO;
				SWIFT_VERSION = 5.0;
				TARGETED_DEVICE_FAMILY = "1,2";
				TEST_TARGET_NAME = SwiftUISlider;
			};
			name = Release;
		};
/* End XCBuildConfiguration section */

/* Begin XCConfigurationList section */
		D682B3FD290FC2F000A30FC0 /* Build configuration list for PBXProject "SwiftUISlider" */ = {
			isa = XCConfigurationList;
			buildConfigurations = (
				D682B424290FC2F500A30FC0 /* Debug */,
				D682B425290FC2F500A30FC0 /* Release */,
			);
			defaultConfigurationIsVisible = 0;
			defaultConfigurationName = Release;
		};
		D682B426290FC2F500A30FC0 /* Build configuration list for PBXNativeTarget "SwiftUISlider" */ = {
			isa = XCConfigurationList;
			buildConfigurations = (
				D682B427290FC2F500A30FC0 /* Debug */,
				D682B428290FC2F500A30FC0 /* Release */,
			);
			defaultConfigurationIsVisible = 0;
			defaultConfigurationName = Release;
		};
		D682B429290FC2F500A30FC0 /* Build configuration list for PBXNativeTarget "SwiftUISliderTests" */ = {
			isa = XCConfigurationList;
			buildConfigurations = (
				D682B42A290FC2F500A30FC0 /* Debug */,
				D682B42B290FC2F500A30FC0 /* Release */,
			);
			defaultConfigurationIsVisible = 0;
			defaultConfigurationName = Release;
		};
		D682B42C290FC2F500A30FC0 /* Build configuration list for PBXNativeTarget "SwiftUISliderUITests" */ = {
			isa = XCConfigurationList;
			buildConfigurations = (
				D682B42D290FC2F500A30FC0 /* Debug */,
				D682B42E290FC2F500A30FC0 /* Release */,
			);
			defaultConfigurationIsVisible = 0;
			defaultConfigurationName = Release;
		};
/* End XCConfigurationList section */

/* Begin XCRemoteSwiftPackageReference section */
		D682B42F290FE78F00A30FC0 /* XCRemoteSwiftPackageReference "DeviceKit" */ = {
			isa = XCRemoteSwiftPackageReference;
			repositoryURL = "https://github.com/devicekit/DeviceKit.git";
			requirement = {
				branch = master;
				kind = branch;
			};
		};
/* End XCRemoteSwiftPackageReference section */

/* Begin XCSwiftPackageProductDependency section */
		D682B430290FE78F00A30FC0 /* DeviceKit */ = {
			isa = XCSwiftPackageProductDependency;
			package = D682B42F290FE78F00A30FC0 /* XCRemoteSwiftPackageReference "DeviceKit" */;
			productName = DeviceKit;
		};
/* End XCSwiftPackageProductDependency section */
	};
	rootObject = D682B3FA290FC2F000A30FC0 /* Project object */;
}
